# This file is automatically @generated by Cargo.
# It is not intended for manual editing.
version = 4

[[package]]
name = "authority-membrane-contract"
version = "0.1.0-os.1"

[[package]]
name = "dma-command-ir"
version = "0.1.0-os.1"

[[package]]
name = "guardian-monitor"
version = "0.1.0-os.1"
dependencies = [
 "authority-membrane-contract",
 "dma-command-ir",
 "storage-guardian-contract",
]

[[package]]
name = "storage-guardian-contract"
version = "0.1.0-os.1"

[[package]]
name = "storage-transaction-core"
version = "0.1.0-os.1"
